PODS:
  - Alamofire (5.8.0)
  - DynamicBlurView (4.1.0)
  - KakaoSDKAuth (2.17.0):
    - KakaoSDKCommon (= 2.17.0)
  - KakaoSDKCommon (2.17.0):
    - KakaoSDKCommon/Common (= 2.17.0)
    - KakaoSDKCommon/Network (= 2.17.0)
  - KakaoSDKCommon/Common (2.17.0)
  - KakaoSDKCommon/Network (2.17.0):
    - Alamofire (~> 5.1)
    - KakaoSDKCommon/Common (= 2.17.0)
  - KakaoSDKNavi (2.17.0):
    - KakaoSDKCommon/Common (= 2.17.0)
  - KakaoSDKUser (2.17.0):
    - KakaoSDKAuth (= 2.17.0)
  - NMapsGeometry (1.0.1)
  - NMapsMap-Legacy (3.17.0):
    - NMapsGeometry
  - PopupDialog (1.1.1):
    - DynamicBlurView (~> 4.0)
  - ReactorKit (3.2.0):
    - RxSwift (~> 6.0)
    - WeakMapTable (~> 1.1)
  - RxCocoa (6.6.0):
    - RxRelay (= 6.6.0)
    - RxSwift (= 6.6.0)
  - RxGesture (4.0.4):
    - RxCocoa (~> 6.0)
    - RxSwift (~> 6.0)
  - RxRelay (6.6.0):
    - RxSwift (= 6.6.0)
  - RxSwift (6.6.0)
  - SnapKit (5.6.0)
  - Then (3.0.0)
  - WeakMapTable (1.2.0)

DEPENDENCIES:
  - Alamofire
  - KakaoSDKNavi
  - KakaoSDKUser
  - NMapsMap-Legacy
  - PopupDialog
  - ReactorKit
  - RxCocoa
  - RxGesture
  - RxSwift
  - SnapKit
  - Then

SPEC REPOS:
  https://github.com/navermaps/NMapsMapLegacySpecs.git:
    - NMapsGeometry
    - NMapsMap-Legacy
  trunk:
    - Alamofire
    - DynamicBlurView
    - KakaoSDKAuth
    - KakaoSDKCommon
    - KakaoSDKNavi
    - KakaoSDKUser
    - PopupDialog
    - ReactorKit
    - RxCocoa
    - RxGesture
    - RxRelay
    - RxSwift
    - SnapKit
    - Then
    - WeakMapTable

SPEC CHECKSUMS:
  Alamofire: 0e92e751b3e9e66d7982db43919d01f313b8eb91
  DynamicBlurView: 58e18fae80bb614e34681a4486870e7d257b62e8
  KakaoSDKAuth: 85c1d89f16b8be3bf266a0c77dff8b5438696b43
  KakaoSDKCommon: 194ccea3710f30036ee63d79cf524ed7ae6c1595
  KakaoSDKNavi: 2842aed422c957c2ac3ccb34d8fc1699244c0dea
  KakaoSDKUser: f37e67aebf9061698462eabcb6860c1e750d3b35
  NMapsGeometry: 909ff399c6eaa4ca8c8d0317445b9e5ee745a5d5
  NMapsMap-Legacy: 528860cccfa3450eee2d658b5d058ede85b01234
  PopupDialog: 720c92befd8bc23c13442254945213db5612f149
  ReactorKit: e8b11d6b9c415405f381669b095c154a05b59eca
  RxCocoa: 44a80de90e25b739b5aeaae3c8c371a32e3343cc
  RxGesture: f3efb47ed2d26a8082f7b660d4a59970e275a7f8
  RxRelay: 45eaa5db8ee4fb50e5ebd57deec0159e97fa51e6
  RxSwift: a4b44f7d24599f674deebd1818eab82e58410632
  SnapKit: e01d52ebb8ddbc333eefe2132acf85c8227d9c25
  Then: 844265ae87834bbe1147d91d5d41a404da2ec27d
  WeakMapTable: 05c694ce8439a7a9ebabb56187287a63c57673d6

PODFILE CHECKSUM: 2cec4bdd728261b5ef79594eb4d11a216c582784

COCOAPODS: 1.15.2
